github.com/nginxinc/nginx-hugo-theme v1.0.7 h1:t0FMpGUn7DRch/WgnupHT2yOXa11lSyYiAY1lDHLKps=
github.com/nginxinc/nginx-hugo-theme v1.0.7/go.mod h1:DPNgSS5QYxkjH/BfH4uPDiTfODqWJ50NKZdorguom8M=
github.com/nginxinc/nginx-hugo-theme v1.0.12 h1:tEvlicDbPyEdXwt5kd+2Dtu6uCGOYhtk4VWRIoj1aec=
github.com/nginxinc/nginx-hugo-theme v1.0.12/go.mod h1:DPNgSS5QYxkjH/BfH4uPDiTfODqWJ50NKZdorguom8M=
